// !$*UTF8*$!
{
	archiveVersion = 1;
	classes = {
	};
	objectVersion = 56;
	objects = {

/* Begin PBXBuildFile section */
		D2D87FC12BD27FFB008352FE /* AppDelegate.swift in Sources */ = {isa = PBXBuildFile; fileRef = D2D87FC02BD27FFB008352FE /* AppDelegate.swift */; };
		D2D87FC32BD27FFB008352FE /* SceneDelegate.swift in Sources */ = {isa = PBXBuildFile; fileRef = D2D87FC22BD27FFB008352FE /* SceneDelegate.swift */; };
		D2D87FC52BD27FFB008352FE /* ViewController.swift in Sources */ = {isa = PBXBuildFile; fileRef = D2D87FC42BD27FFB008352FE /* ViewController.swift */; };
		D2D87FC82BD27FFB008352FE /* Base in Resources */ = {isa = PBXBuildFile; fileRef = D2D87FC72BD27FFB008352FE /* Base */; };
		D2D87FCA2BD27FFD008352FE /* Assets.xcassets in Resources */ = {isa = PBXBuildFile; fileRef = D2D87FC92BD27FFD008352FE /* Assets.xcassets */; };
		D2D87FCD2BD27FFD008352FE /* Base in Resources */ = {isa = PBXBuildFile; fileRef = D2D87FCC2BD27FFD008352FE /* Base */; };
		D2D87FD82BD27FFD008352FE /* Marvel_EncyclopediaTests.swift in Sources */ = {isa = PBXBuildFile; fileRef = D2D87FD72BD27FFD008352FE /* Marvel_EncyclopediaTests.swift */; };
		D2D87FE22BD27FFD008352FE /* Marvel_EncyclopediaUITests.swift in Sources */ = {isa = PBXBuildFile; fileRef = D2D87FE12BD27FFD008352FE /* Marvel_EncyclopediaUITests.swift */; };
		D2D87FE42BD27FFD008352FE /* Marvel_EncyclopediaUITestsLaunchTests.swift in Sources */ = {isa = PBXBuildFile; fileRef = D2D87FE32BD27FFD008352FE /* Marvel_EncyclopediaUITestsLaunchTests.swift */; };
		D2D87FF72BD2A333008352FE /* ApiClient.swift in Sources */ = {isa = PBXBuildFile; fileRef = D2D87FF62BD2A333008352FE /* ApiClient.swift */; };
		D2D87FF92BD2A370008352FE /* ResponseCharacter.swift in Sources */ = {isa = PBXBuildFile; fileRef = D2D87FF82BD2A370008352FE /* ResponseCharacter.swift */; };
		D2D87FFB2BD2A3CF008352FE /* Data.swift in Sources */ = {isa = PBXBuildFile; fileRef = D2D87FFA2BD2A3CF008352FE /* Data.swift */; };
		D2D87FFD2BD2A404008352FE /* MarvelCharacter.swift in Sources */ = {isa = PBXBuildFile; fileRef = D2D87FFC2BD2A404008352FE /* MarvelCharacter.swift */; };
/* End PBXBuildFile section */

/* Begin PBXContainerItemProxy section */
		D2D87FD42BD27FFD008352FE /* PBXContainerItemProxy */ = {
			isa = PBXContainerItemProxy;
			containerPortal = D2D87FB52BD27FFB008352FE /* Project object */;
			proxyType = 1;
			remoteGlobalIDString = D2D87FBC2BD27FFB008352FE;
			remoteInfo = "Marvel Encyclopedia";
		};
		D2D87FDE2BD27FFD008352FE /* PBXContainerItemProxy */ = {
			isa = PBXContainerItemProxy;
			containerPortal = D2D87FB52BD27FFB008352FE /* Project object */;
			proxyType = 1;
			remoteGlobalIDString = D2D87FBC2BD27FFB008352FE;
			remoteInfo = "Marvel Encyclopedia";
		};
/* End PBXContainerItemProxy section */

/* Begin PBXFileReference section */
		D2D87FBD2BD27FFB008352FE /* Marvel Encyclopedia.app */ = {isa = PBXFileReference; explicitFileType = wrapper.application; includeInIndex = 0; path = "Marvel Encyclopedia.app"; sourceTree = BUILT_PRODUCTS_DIR; };
		D2D87FC02BD27FFB008352FE /* AppDelegate.swift */ = {isa = PBXFileReference; lastKnownFileType = sourcecode.swift; path = AppDelegate.swift; sourceTree = "<group>"; };
		D2D87FC22BD27FFB008352FE /* SceneDelegate.swift */ = {isa = PBXFileReference; lastKnownFileType = sourcecode.swift; path = SceneDelegate.swift; sourceTree = "<group>"; };
		D2D87FC42BD27FFB008352FE /* ViewController.swift */ = {isa = PBXFileReference; lastKnownFileType = sourcecode.swift; path = ViewController.swift; sourceTree = "<group>"; };
		D2D87FC72BD27FFB008352FE /* Base */ = {isa = PBXFileReference; lastKnownFileType = file.storyboard; name = Base; path = Base.lproj/Main.storyboard; sourceTree = "<group>"; };
		D2D87FC92BD27FFD008352FE /* Assets.xcassets */ = {isa = PBXFileReference; lastKnownFileType = folder.assetcatalog; path = Assets.xcassets; sourceTree = "<group>"; };
		D2D87FCC2BD27FFD008352FE /* Base */ = {isa = PBXFileReference; lastKnownFileType = file.storyboard; name = Base; path = Base.lproj/LaunchScreen.storyboard; sourceTree = "<group>"; };
		D2D87FCE2BD27FFD008352FE /* Info.plist */ = {isa = PBXFileReference; lastKnownFileType = text.plist.xml; path = Info.plist; sourceTree = "<group>"; };
		D2D87FD32BD27FFD008352FE /* Marvel EncyclopediaTests.xctest */ = {isa = PBXFileReference; explicitFileType = wrapper.cfbundle; includeInIndex = 0; path = "Marvel EncyclopediaTests.xctest"; sourceTree = BUILT_PRODUCTS_DIR; };
		D2D87FD72BD27FFD008352FE /* Marvel_EncyclopediaTests.swift */ = {isa = PBXFileReference; lastKnownFileType = sourcecode.swift; path = Marvel_EncyclopediaTests.swift; sourceTree = "<group>"; };
		D2D87FDD2BD27FFD008352FE /* Marvel EncyclopediaUITests.xctest */ = {isa = PBXFileReference; explicitFileType = wrapper.cfbundle; includeInIndex = 0; path = "Marvel EncyclopediaUITests.xctest"; sourceTree = BUILT_PRODUCTS_DIR; };
		D2D87FE12BD27FFD008352FE /* Marvel_EncyclopediaUITests.swift */ = {isa = PBXFileReference; lastKnownFileType = sourcecode.swift; path = Marvel_EncyclopediaUITests.swift; sourceTree = "<group>"; };
		D2D87FE32BD27FFD008352FE /* Marvel_EncyclopediaUITestsLaunchTests.swift */ = {isa = PBXFileReference; lastKnownFileType = sourcecode.swift; path = Marvel_EncyclopediaUITestsLaunchTests.swift; sourceTree = "<group>"; };
		D2D87FF62BD2A333008352FE /* ApiClient.swift */ = {isa = PBXFileReference; lastKnownFileType = sourcecode.swift; path = ApiClient.swift; sourceTree = "<group>"; };
		D2D87FF82BD2A370008352FE /* ResponseCharacter.swift */ = {isa = PBXFileReference; lastKnownFileType = sourcecode.swift; path = ResponseCharacter.swift; sourceTree = "<group>"; };
		D2D87FFA2BD2A3CF008352FE /* Data.swift */ = {isa = PBXFileReference; lastKnownFileType = sourcecode.swift; path = Data.swift; sourceTree = "<group>"; };
		D2D87FFC2BD2A404008352FE /* MarvelCharacter.swift */ = {isa = PBXFileReference; lastKnownFileType = sourcecode.swift; path = MarvelCharacter.swift; sourceTree = "<group>"; };
/* End PBXFileReference section */

/* Begin PBXFrameworksBuildPhase section */
		D2D87FBA2BD27FFB008352FE /* Frameworks */ = {
			isa = PBXFrameworksBuildPhase;
			buildActionMask = 2147483647;
			files = (
			);
			runOnlyForDeploymentPostprocessing = 0;
		};
		D2D87FD02BD27FFD008352FE /* Frameworks */ = {
			isa = PBXFrameworksBuildPhase;
			buildActionMask = 2147483647;
			files = (
			);
			runOnlyForDeploymentPostprocessing = 0;
		};
		D2D87FDA2BD27FFD008352FE /* Frameworks */ = {
			isa = PBXFrameworksBuildPhase;
			buildActionMask = 2147483647;
			files = (
			);
			runOnlyForDeploymentPostprocessing = 0;
		};
/* End PBXFrameworksBuildPhase section */

/* Begin PBXGroup section */
		D2D87FB42BD27FFB008352FE = {
			isa = PBXGroup;
			children = (
				D2D87FBF2BD27FFB008352FE /* Marvel Encyclopedia */,
				D2D87FD62BD27FFD008352FE /* Marvel EncyclopediaTests */,
				D2D87FE02BD27FFD008352FE /* Marvel EncyclopediaUITests */,
				D2D87FBE2BD27FFB008352FE /* Products */,
			);
			sourceTree = "<group>";
		};
		D2D87FBE2BD27FFB008352FE /* Products */ = {
			isa = PBXGroup;
			children = (
				D2D87FBD2BD27FFB008352FE /* Marvel Encyclopedia.app */,
				D2D87FD32BD27FFD008352FE /* Marvel EncyclopediaTests.xctest */,
				D2D87FDD2BD27FFD008352FE /* Marvel EncyclopediaUITests.xctest */,
			);
			name = Products;
			sourceTree = "<group>";
		};
		D2D87FBF2BD27FFB008352FE /* Marvel Encyclopedia */ = {
			isa = PBXGroup;
			children = (
				D2D87FF22BD2A2E6008352FE /* ViewModel */,
				D2D87FF12BD2A2E0008352FE /* Model */,
				D2D87FF02BD2A2D7008352FE /* View */,
				D2D87FC02BD27FFB008352FE /* AppDelegate.swift */,
				D2D87FC22BD27FFB008352FE /* SceneDelegate.swift */,
				D2D87FC92BD27FFD008352FE /* Assets.xcassets */,
				D2D87FCB2BD27FFD008352FE /* LaunchScreen.storyboard */,
				D2D87FCE2BD27FFD008352FE /* Info.plist */,
			);
			path = "Marvel Encyclopedia";
			sourceTree = "<group>";
		};
		D2D87FD62BD27FFD008352FE /* Marvel EncyclopediaTests */ = {
			isa = PBXGroup;
			children = (
				D2D87FD72BD27FFD008352FE /* Marvel_EncyclopediaTests.swift */,
			);
			path = "Marvel EncyclopediaTests";
			sourceTree = "<group>";
		};
		D2D87FE02BD27FFD008352FE /* Marvel EncyclopediaUITests */ = {
			isa = PBXGroup;
			children = (
				D2D87FE12BD27FFD008352FE /* Marvel_EncyclopediaUITests.swift */,
				D2D87FE32BD27FFD008352FE /* Marvel_EncyclopediaUITestsLaunchTests.swift */,
			);
			path = "Marvel EncyclopediaUITests";
			sourceTree = "<group>";
		};
		D2D87FF02BD2A2D7008352FE /* View */ = {
			isa = PBXGroup;
			children = (
				D2D87FF32BD2A2F7008352FE /* Controllers */,
				D2D87FC62BD27FFB008352FE /* Main.storyboard */,
			);
			path = View;
			sourceTree = "<group>";
		};
		D2D87FF12BD2A2E0008352FE /* Model */ = {
			isa = PBXGroup;
			children = (
				D2D87FF52BD2A313008352FE /* Domain */,
				D2D87FF42BD2A30A008352FE /* Provider */,
			);
			path = Model;
			sourceTree = "<group>";
		};
		D2D87FF22BD2A2E6008352FE /* ViewModel */ = {
			isa = PBXGroup;
			children = (
			);
			path = ViewModel;
			sourceTree = "<group>";
		};
		D2D87FF32BD2A2F7008352FE /* Controllers */ = {
			isa = PBXGroup;
			children = (
				D2D87FC42BD27FFB008352FE /* ViewController.swift */,
			);
			path = Controllers;
			sourceTree = "<group>";
		};
		D2D87FF42BD2A30A008352FE /* Provider */ = {
			isa = PBXGroup;
			children = (
				D2D87FF62BD2A333008352FE /* ApiClient.swift */,
			);
			path = Provider;
			sourceTree = "<group>";
		};
		D2D87FF52BD2A313008352FE /* Domain */ = {
			isa = PBXGroup;
			children = (
				D2D87FF82BD2A370008352FE /* ResponseCharacter.swift */,
				D2D87FFA2BD2A3CF008352FE /* Data.swift */,
				D2D87FFC2BD2A404008352FE /* MarvelCharacter.swift */,
			);
			path = Domain;
			sourceTree = "<group>";
		};
/* End PBXGroup section */

/* Begin PBXNativeTarget section */
		D2D87FBC2BD27FFB008352FE /* Marvel Encyclopedia */ = {
			isa = PBXNativeTarget;
			buildConfigurationList = D2D87FE72BD27FFD008352FE /* Build configuration list for PBXNativeTarget "Marvel Encyclopedia" */;
			buildPhases = (
				D2D87FB92BD27FFB008352FE /* Sources */,
				D2D87FBA2BD27FFB008352FE /* Frameworks */,
				D2D87FBB2BD27FFB008352FE /* Resources */,
			);
			buildRules = (
			);
			dependencies = (
			);
			name = "Marvel Encyclopedia";
			productName = "Marvel Encyclopedia";
			productReference = D2D87FBD2BD27FFB008352FE /* Marvel Encyclopedia.app */;
			productType = "com.apple.product-type.application";
		};
		D2D87FD22BD27FFD008352FE /* Marvel EncyclopediaTests */ = {
			isa = PBXNativeTarget;
			buildConfigurationList = D2D87FEA2BD27FFD008352FE /* Build configuration list for PBXNativeTarget "Marvel EncyclopediaTests" */;
			buildPhases = (
				D2D87FCF2BD27FFD008352FE /* Sources */,
				D2D87FD02BD27FFD008352FE /* Frameworks */,
				D2D87FD12BD27FFD008352FE /* Resources */,
			);
			buildRules = (
			);
			dependencies = (
				D2D87FD52BD27FFD008352FE /* PBXTargetDependency */,
			);
			name = "Marvel EncyclopediaTests";
			productName = "Marvel EncyclopediaTests";
			productReference = D2D87FD32BD27FFD008352FE /* Marvel EncyclopediaTests.xctest */;
			productType = "com.apple.product-type.bundle.unit-test";
		};
		D2D87FDC2BD27FFD008352FE /* Marvel EncyclopediaUITests */ = {
			isa = PBXNativeTarget;
			buildConfigurationList = D2D87FED2BD27FFD008352FE /* Build configuration list for PBXNativeTarget "Marvel EncyclopediaUITests" */;
			buildPhases = (
				D2D87FD92BD27FFD008352FE /* Sources */,
				D2D87FDA2BD27FFD008352FE /* Frameworks */,
				D2D87FDB2BD27FFD008352FE /* Resources */,
			);
			buildRules = (
			);
			dependencies = (
				D2D87FDF2BD27FFD008352FE /* PBXTargetDependency */,
			);
			name = "Marvel EncyclopediaUITests";
			productName = "Marvel EncyclopediaUITests";
			productReference = D2D87FDD2BD27FFD008352FE /* Marvel EncyclopediaUITests.xctest */;
			productType = "com.apple.product-type.bundle.ui-testing";
		};
/* End PBXNativeTarget section */

/* Begin PBXProject section */
		D2D87FB52BD27FFB008352FE /* Project object */ = {
			isa = PBXProject;
			attributes = {
				BuildIndependentTargetsInParallel = 1;
				LastSwiftUpdateCheck = 1530;
				LastUpgradeCheck = 1530;
				TargetAttributes = {
					D2D87FBC2BD27FFB008352FE = {
						CreatedOnToolsVersion = 15.3;
					};
					D2D87FD22BD27FFD008352FE = {
						CreatedOnToolsVersion = 15.3;
						TestTargetID = D2D87FBC2BD27FFB008352FE;
					};
					D2D87FDC2BD27FFD008352FE = {
						CreatedOnToolsVersion = 15.3;
						TestTargetID = D2D87FBC2BD27FFB008352FE;
					};
				};
			};
			buildConfigurationList = D2D87FB82BD27FFB008352FE /* Build configuration list for PBXProject "Marvel Encyclopedia" */;
			compatibilityVersion = "Xcode 14.0";
			developmentRegion = en;
			hasScannedForEncodings = 0;
			knownRegions = (
				en,
				Base,
			);
			mainGroup = D2D87FB42BD27FFB008352FE;
			productRefGroup = D2D87FBE2BD27FFB008352FE /* Products */;
			projectDirPath = "";
			projectRoot = "";
			targets = (
				D2D87FBC2BD27FFB008352FE /* Marvel Encyclopedia */,
				D2D87FD22BD27FFD008352FE /* Marvel EncyclopediaTests */,
				D2D87FDC2BD27FFD008352FE /* Marvel EncyclopediaUITests */,
			);
		};
/* End PBXProject section */

/* Begin PBXResourcesBuildPhase section */
		D2D87FBB2BD27FFB008352FE /* Resources */ = {
			isa = PBXResourcesBuildPhase;
			buildActionMask = 2147483647;
			files = (
				D2D87FCA2BD27FFD008352FE /* Assets.xcassets in Resources */,
				D2D87FCD2BD27FFD008352FE /* Base in Resources */,
				D2D87FC82BD27FFB008352FE /* Base in Resources */,
			);
			runOnlyForDeploymentPostprocessing = 0;
		};
		D2D87FD12BD27FFD008352FE /* Resources */ = {
			isa = PBXResourcesBuildPhase;
			buildActionMask = 2147483647;
			files = (
			);
			runOnlyForDeploymentPostprocessing = 0;
		};
		D2D87FDB2BD27FFD008352FE /* Resources */ = {
			isa = PBXResourcesBuildPhase;
			buildActionMask = 2147483647;
			files = (
			);
			runOnlyForDeploymentPostprocessing = 0;
		};
/* End PBXResourcesBuildPhase section */

/* Begin PBXSourcesBuildPhase section */
		D2D87FB92BD27FFB008352FE /* Sources */ = {
			isa = PBXSourcesBuildPhase;
			buildActionMask = 2147483647;
			files = (
				D2D87FC52BD27FFB008352FE /* ViewController.swift in Sources */,
				D2D87FFB2BD2A3CF008352FE /* Data.swift in Sources */,
				D2D87FC12BD27FFB008352FE /* AppDelegate.swift in Sources */,
				D2D87FC32BD27FFB008352FE /* SceneDelegate.swift in Sources */,
				D2D87FFD2BD2A404008352FE /* MarvelCharacter.swift in Sources */,
				D2D87FF72BD2A333008352FE /* ApiClient.swift in Sources */,
				D2D87FF92BD2A370008352FE /* ResponseCharacter.swift in Sources */,
			);
			runOnlyForDeploymentPostprocessing = 0;
		};
		D2D87FCF2BD27FFD008352FE /* Sources */ = {
			isa = PBXSourcesBuildPhase;
			buildActionMask = 2147483647;
			files = (
				D2D87FD82BD27FFD008352FE /* Marvel_EncyclopediaTests.swift in Sources */,
			);
			runOnlyForDeploymentPostprocessing = 0;
		};
		D2D87FD92BD27FFD008352FE /* Sources */ = {
			isa = PBXSourcesBuildPhase;
			buildActionMask = 2147483647;
			files = (
				D2D87FE22BD27FFD008352FE /* Marvel_EncyclopediaUITests.swift in Sources */,
				D2D87FE42BD27FFD008352FE /* Marvel_EncyclopediaUITestsLaunchTests.swift in Sources */,
			);
			runOnlyForDeploymentPostprocessing = 0;
		};
/* End PBXSourcesBuildPhase section */

/* Begin PBXTargetDependency section */
		D2D87FD52BD27FFD008352FE /* PBXTargetDependency */ = {
			isa = PBXTargetDependency;
			target = D2D87FBC2BD27FFB008352FE /* Marvel Encyclopedia */;
			targetProxy = D2D87FD42BD27FFD008352FE /* PBXContainerItemProxy */;
		};
		D2D87FDF2BD27FFD008352FE /* PBXTargetDependency */ = {
			isa = PBXTargetDependency;
			target = D2D87FBC2BD27FFB008352FE /* Marvel Encyclopedia */;
			targetProxy = D2D87FDE2BD27FFD008352FE /* PBXContainerItemProxy */;
		};
/* End PBXTargetDependency section */

/* Begin PBXVariantGroup section */
		D2D87FC62BD27FFB008352FE /* Main.storyboard */ = {
			isa = PBXVariantGroup;
			children = (
				D2D87FC72BD27FFB008352FE /* Base */,
			);
			name = Main.storyboard;
			sourceTree = "<group>";
		};
		D2D87FCB2BD27FFD008352FE /* LaunchScreen.storyboard */ = {
			isa = PBXVariantGroup;
			children = (
				D2D87FCC2BD27FFD008352FE /* Base */,
			);
			name = LaunchScreen.storyboard;
			sourceTree = "<group>";
		};
/* End PBXVariantGroup section */

/* Begin XCBuildConfiguration section */
		D2D87FE52BD27FFD008352FE /* Debug */ = {
			isa = XCBuildConfiguration;
			buildSettings = {
				ALWAYS_SEARCH_USER_PATHS = NO;
				ASSETCATALOG_COMPILER_GENERATE_SWIFT_ASSET_SYMBOL_EXTENSIONS = YES;
				CLANG_ANALYZER_NONNULL = YES;
				CLANG_ANALYZER_NUMBER_OBJECT_CONVERSION = YES_AGGRESSIVE;
				CLANG_CXX_LANGUAGE_STANDARD = "gnu++20";
				CLANG_ENABLE_MODULES = YES;
				CLANG_ENABLE_OBJC_ARC = YES;
				CLANG_ENABLE_OBJC_WEAK = YES;
				CLANG_WARN_BLOCK_CAPTURE_AUTORELEASING = YES;
				CLANG_WARN_BOOL_CONVERSION = YES;
				CLANG_WARN_COMMA = YES;
				CLANG_WARN_CONSTANT_CONVERSION = YES;
				CLANG_WARN_DEPRECATED_OBJC_IMPLEMENTATIONS = YES;
				CLANG_WARN_DIRECT_OBJC_ISA_USAGE = YES_ERROR;
				CLANG_WARN_DOCUMENTATION_COMMENTS = YES;
				CLANG_WARN_EMPTY_BODY = YES;
				CLANG_WARN_ENUM_CONVERSION = YES;
				CLANG_WARN_INFINITE_RECURSION = YES;
				CLANG_WARN_INT_CONVERSION = YES;
				CLANG_WARN_NON_LITERAL_NULL_CONVERSION = YES;
				CLANG_WARN_OBJC_IMPLICIT_RETAIN_SELF = YES;
				CLANG_WARN_OBJC_LITERAL_CONVERSION = YES;
				CLANG_WARN_OBJC_ROOT_CLASS = YES_ERROR;
				CLANG_WARN_QUOTED_INCLUDE_IN_FRAMEWORK_HEADER = YES;
				CLANG_WARN_RANGE_LOOP_ANALYSIS = YES;
				CLANG_WARN_STRICT_PROTOTYPES = YES;
				CLANG_WARN_SUSPICIOUS_MOVE = YES;
				CLANG_WARN_UNGUARDED_AVAILABILITY = YES_AGGRESSIVE;
				CLANG_WARN_UNREACHABLE_CODE = YES;
				CLANG_WARN__DUPLICATE_METHOD_MATCH = YES;
				COPY_PHASE_STRIP = NO;
				DEBUG_INFORMATION_FORMAT = dwarf;
				ENABLE_STRICT_OBJC_MSGSEND = YES;
				ENABLE_TESTABILITY = YES;
				ENABLE_USER_SCRIPT_SANDBOXING = YES;
				GCC_C_LANGUAGE_STANDARD = gnu17;
				GCC_DYNAMIC_NO_PIC = NO;
				GCC_NO_COMMON_BLOCKS = YES;
				GCC_OPTIMIZATION_LEVEL = 0;
				GCC_PREPROCESSOR_DEFINITIONS = (
					"DEBUG=1",
					"$(inherited)",
				);
				GCC_WARN_64_TO_32_BIT_CONVERSION = YES;
				GCC_WARN_ABOUT_RETURN_TYPE = YES_ERROR;
				GCC_WARN_UNDECLARED_SELECTOR = YES;
				GCC_WARN_UNINITIALIZED_AUTOS = YES_AGGRESSIVE;
				GCC_WARN_UNUSED_FUNCTION = YES;
				GCC_WARN_UNUSED_VARIABLE = YES;
				IPHONEOS_DEPLOYMENT_TARGET = 17.4;
				LOCALIZATION_PREFERS_STRING_CATALOGS = YES;
				MTL_ENABLE_DEBUG_INFO = INCLUDE_SOURCE;
				MTL_FAST_MATH = YES;
				ONLY_ACTIVE_ARCH = YES;
				SDKROOT = iphoneos;
				SWIFT_ACTIVE_COMPILATION_CONDITIONS = "DEBUG $(inherited)";
				SWIFT_OPTIMIZATION_LEVEL = "-Onone";
			};
			name = Debug;
		};
		D2D87FE62BD27FFD008352FE /* Release */ = {
			isa = XCBuildConfiguration;
			buildSettings = {
				ALWAYS_SEARCH_USER_PATHS = NO;
				ASSETCATALOG_COMPILER_GENERATE_SWIFT_ASSET_SYMBOL_EXTENSIONS = YES;
				CLANG_ANALYZER_NONNULL = YES;
				CLANG_ANALYZER_NUMBER_OBJECT_CONVERSION = YES_AGGRESSIVE;
				CLANG_CXX_LANGUAGE_STANDARD = "gnu++20";
				CLANG_ENABLE_MODULES = YES;
				CLANG_ENABLE_OBJC_ARC = YES;
				CLANG_ENABLE_OBJC_WEAK = YES;
				CLANG_WARN_BLOCK_CAPTURE_AUTORELEASING = YES;
				CLANG_WARN_BOOL_CONVERSION = YES;
				CLANG_WARN_COMMA = YES;
				CLANG_WARN_CONSTANT_CONVERSION = YES;
				CLANG_WARN_DEPRECATED_OBJC_IMPLEMENTATIONS = YES;
				CLANG_WARN_DIRECT_OBJC_ISA_USAGE = YES_ERROR;
				CLANG_WARN_DOCUMENTATION_COMMENTS = YES;
				CLANG_WARN_EMPTY_BODY = YES;
				CLANG_WARN_ENUM_CONVERSION = YES;
				CLANG_WARN_INFINITE_RECURSION = YES;
				CLANG_WARN_INT_CONVERSION = YES;
				CLANG_WARN_NON_LITERAL_NULL_CONVERSION = YES;
				CLANG_WARN_OBJC_IMPLICIT_RETAIN_SELF = YES;
				CLANG_WARN_OBJC_LITERAL_CONVERSION = YES;
				CLANG_WARN_OBJC_ROOT_CLASS = YES_ERROR;
				CLANG_WARN_QUOTED_INCLUDE_IN_FRAMEWORK_HEADER = YES;
				CLANG_WARN_RANGE_LOOP_ANALYSIS = YES;
				CLANG_WARN_STRICT_PROTOTYPES = YES;
				CLANG_WARN_SUSPICIOUS_MOVE = YES;
				CLANG_WARN_UNGUARDED_AVAILABILITY = YES_AGGRESSIVE;
				CLANG_WARN_UNREACHABLE_CODE = YES;
				CLANG_WARN__DUPLICATE_METHOD_MATCH = YES;
				COPY_PHASE_STRIP = NO;
				DEBUG_INFORMATION_FORMAT = "dwarf-with-dsym";
				ENABLE_NS_ASSERTIONS = NO;
				ENABLE_STRICT_OBJC_MSGSEND = YES;
				ENABLE_USER_SCRIPT_SANDBOXING = YES;
				GCC_C_LANGUAGE_STANDARD = gnu17;
				GCC_NO_COMMON_BLOCKS = YES;
				GCC_WARN_64_TO_32_BIT_CONVERSION = YES;
				GCC_WARN_ABOUT_RETURN_TYPE = YES_ERROR;
				GCC_WARN_UNDECLARED_SELECTOR = YES;
				GCC_WARN_UNINITIALIZED_AUTOS = YES_AGGRESSIVE;
				GCC_WARN_UNUSED_FUNCTION = YES;
				GCC_WARN_UNUSED_VARIABLE = YES;
				IPHONEOS_DEPLOYMENT_TARGET = 17.4;
				LOCALIZATION_PREFERS_STRING_CATALOGS = YES;
				MTL_ENABLE_DEBUG_INFO = NO;
				MTL_FAST_MATH = YES;
				SDKROOT = iphoneos;
				SWIFT_COMPILATION_MODE = wholemodule;
				VALIDATE_PRODUCT = YES;
			};
			name = Release;
		};
		D2D87FE82BD27FFD008352FE /* Debug */ = {
			isa = XCBuildConfiguration;
			buildSettings = {
				ASSETCATALOG_COMPILER_APPICON_NAME = AppIcon;
				ASSETCATALOG_COMPILER_GLOBAL_ACCENT_COLOR_NAME = AccentColor;
				CODE_SIGN_STYLE = Automatic;
				CURRENT_PROJECT_VERSION = 1;
				GENERATE_INFOPLIST_FILE = YES;
				INFOPLIST_FILE = "Marvel Encyclopedia/Info.plist";
				INFOPLIST_KEY_UIApplicationSupportsIndirectInputEvents = YES;
				INFOPLIST_KEY_UILaunchStoryboardName = LaunchScreen;
				INFOPLIST_KEY_UIMainStoryboardFile = Main;
				INFOPLIST_KEY_UISupportedInterfaceOrientations_iPad = "UIInterfaceOrientationPortrait UIInterfaceOrientationPortraitUpsideDown UIInterfaceOrientationLandscapeLeft UIInterfaceOrientationLandscapeRight";
				INFOPLIST_KEY_UISupportedInterfaceOrientations_iPhone = "UIInterfaceOrientationPortrait UIInterfaceOrientationLandscapeLeft UIInterfaceOrientationLandscapeRight";
				LD_RUNPATH_SEARCH_PATHS = (
					"$(inherited)",
					"@executable_path/Frameworks",
				);
				MARKETING_VERSION = 1.0;
				PRODUCT_BUNDLE_IDENTIFIER = "com.plexus.luis.Marvel-Encyclopedia";
				PRODUCT_NAME = "$(TARGET_NAME)";
				SWIFT_EMIT_LOC_STRINGS = YES;
				SWIFT_VERSION = 5.0;
				TARGETED_DEVICE_FAMILY = "1,2";
			};
			name = Debug;
		};
		D2D87FE92BD27FFD008352FE /* Release */ = {
			isa = XCBuildConfiguration;
			buildSettings = {
				ASSETCATALOG_COMPILER_APPICON_NAME = AppIcon;
				ASSETCATALOG_COMPILER_GLOBAL_ACCENT_COLOR_NAME = AccentColor;
				CODE_SIGN_STYLE = Automatic;
				CURRENT_PROJECT_VERSION = 1;
				GENERATE_INFOPLIST_FILE = YES;
				INFOPLIST_FILE = "Marvel Encyclopedia/Info.plist";
				INFOPLIST_KEY_UIApplicationSupportsIndirectInputEvents = YES;
				INFOPLIST_KEY_UILaunchStoryboardName = LaunchScreen;
				INFOPLIST_KEY_UIMainStoryboardFile = Main;
				INFOPLIST_KEY_UISupportedInterfaceOrientations_iPad = "UIInterfaceOrientationPortrait UIInterfaceOrientationPortraitUpsideDown UIInterfaceOrientationLandscapeLeft UIInterfaceOrientationLandscapeRight";
				INFOPLIST_KEY_UISupportedInterfaceOrientations_iPhone = "UIInterfaceOrientationPortrait UIInterfaceOrientationLandscapeLeft UIInterfaceOrientationLandscapeRight";
				LD_RUNPATH_SEARCH_PATHS = (
					"$(inherited)",
					"@executable_path/Frameworks",
				);
				MARKETING_VERSION = 1.0;
				PRODUCT_BUNDLE_IDENTIFIER = "com.plexus.luis.Marvel-Encyclopedia";
				PRODUCT_NAME = "$(TARGET_NAME)";
				SWIFT_EMIT_LOC_STRINGS = YES;
				SWIFT_VERSION = 5.0;
				TARGETED_DEVICE_FAMILY = "1,2";
			};
			name = Release;
		};
		D2D87FEB2BD27FFD008352FE /* Debug */ = {
			isa = XCBuildConfiguration;
			buildSettings = {
				ALWAYS_EMBED_SWIFT_STANDARD_LIBRARIES = YES;
				BUNDLE_LOADER = "$(TEST_HOST)";
				CODE_SIGN_STYLE = Automatic;
				CURRENT_PROJECT_VERSION = 1;
				GENERATE_INFOPLIST_FILE = YES;
				IPHONEOS_DEPLOYMENT_TARGET = 17.4;
				MARKETING_VERSION = 1.0;
				PRODUCT_BUNDLE_IDENTIFIER = "com.plexus.luis.Marvel-EncyclopediaTests";
				PRODUCT_NAME = "$(TARGET_NAME)";
				SWIFT_EMIT_LOC_STRINGS = NO;
				SWIFT_VERSION = 5.0;
				TARGETED_DEVICE_FAMILY = "1,2";
				TEST_HOST = "$(BUILT_PRODUCTS_DIR)/Marvel Encyclopedia.app/$(BUNDLE_EXECUTABLE_FOLDER_PATH)/Marvel Encyclopedia";
			};
			name = Debug;
		};
		D2D87FEC2BD27FFD008352FE /* Release */ = {
			isa = XCBuildConfiguration;
			buildSettings = {
				ALWAYS_EMBED_SWIFT_STANDARD_LIBRARIES = YES;
				BUNDLE_LOADER = "$(TEST_HOST)";
				CODE_SIGN_STYLE = Automatic;
				CURRENT_PROJECT_VERSION = 1;
				GENERATE_INFOPLIST_FILE = YES;
				IPHONEOS_DEPLOYMENT_TARGET = 17.4;
				MARKETING_VERSION = 1.0;
				PRODUCT_BUNDLE_IDENTIFIER = "com.plexus.luis.Marvel-EncyclopediaTests";
				PRODUCT_NAME = "$(TARGET_NAME)";
				SWIFT_EMIT_LOC_STRINGS = NO;
				SWIFT_VERSION = 5.0;
				TARGETED_DEVICE_FAMILY = "1,2";
				TEST_HOST = "$(BUILT_PRODUCTS_DIR)/Marvel Encyclopedia.app/$(BUNDLE_EXECUTABLE_FOLDER_PATH)/Marvel Encyclopedia";
			};
			name = Release;
		};
		D2D87FEE2BD27FFD008352FE /* Debug */ = {
			isa = XCBuildConfiguration;
			buildSettings = {
				ALWAYS_EMBED_SWIFT_STANDARD_LIBRARIES = YES;
				CODE_SIGN_STYLE = Automatic;
				CURRENT_PROJECT_VERSION = 1;
				GENERATE_INFOPLIST_FILE = YES;
				MARKETING_VERSION = 1.0;
				PRODUCT_BUNDLE_IDENTIFIER = "com.plexus.luis.Marvel-EncyclopediaUITests";
				PRODUCT_NAME = "$(TARGET_NAME)";
				SWIFT_EMIT_LOC_STRINGS = NO;
				SWIFT_VERSION = 5.0;
				TARGETED_DEVICE_FAMILY = "1,2";
				TEST_TARGET_NAME = "Marvel Encyclopedia";
			};
			name = Debug;
		};
		D2D87FEF2BD27FFD008352FE /* Release */ = {
			isa = XCBuildConfiguration;
			buildSettings = {
				ALWAYS_EMBED_SWIFT_STANDARD_LIBRARIES = YES;
				CODE_SIGN_STYLE = Automatic;
				CURRENT_PROJECT_VERSION = 1;
				GENERATE_INFOPLIST_FILE = YES;
				MARKETING_VERSION = 1.0;
				PRODUCT_BUNDLE_IDENTIFIER = "com.plexus.luis.Marvel-EncyclopediaUITests";
				PRODUCT_NAME = "$(TARGET_NAME)";
				SWIFT_EMIT_LOC_STRINGS = NO;
				SWIFT_VERSION = 5.0;
				TARGETED_DEVICE_FAMILY = "1,2";
				TEST_TARGET_NAME = "Marvel Encyclopedia";
			};
			name = Release;
		};
/* End XCBuildConfiguration section */

/* Begin XCConfigurationList section */
		D2D87FB82BD27FFB008352FE /* Build configuration list for PBXProject "Marvel Encyclopedia" */ = {
			isa = XCConfigurationList;
			buildConfigurations = (
				D2D87FE52BD27FFD008352FE /* Debug */,
				D2D87FE62BD27FFD008352FE /* Release */,
			);
			defaultConfigurationIsVisible = 0;
			defaultConfigurationName = Release;
		};
		D2D87FE72BD27FFD008352FE /* Build configuration list for PBXNativeTarget "Marvel Encyclopedia" */ = {
			isa = XCConfigurationList;
			buildConfigurations = (
				D2D87FE82BD27FFD008352FE /* Debug */,
				D2D87FE92BD27FFD008352FE /* Release */,
			);
			defaultConfigurationIsVisible = 0;
			defaultConfigurationName = Release;
		};
		D2D87FEA2BD27FFD008352FE /* Build configuration list for PBXNativeTarget "Marvel EncyclopediaTests" */ = {
			isa = XCConfigurationList;
			buildConfigurations = (
				D2D87FEB2BD27FFD008352FE /* Debug */,
				D2D87FEC2BD27FFD008352FE /* Release */,
			);
			defaultConfigurationIsVisible = 0;
			defaultConfigurationName = Release;
		};
		D2D87FED2BD27FFD008352FE /* Build configuration list for PBXNativeTarget "Marvel EncyclopediaUITests" */ = {
			isa = XCConfigurationList;
			buildConfigurations = (
				D2D87FEE2BD27FFD008352FE /* Debug */,
				D2D87FEF2BD27FFD008352FE /* Release */,
			);
			defaultConfigurationIsVisible = 0;
			defaultConfigurationName = Release;
		};
/* End XCConfigurationList section */
	};
	rootObject = D2D87FB52BD27FFB008352FE /* Project object */;
}
